
Microsoft Visual Studio Solution File, Format Version 12.00
# Visual Studio Version 16
VisualStudioVersion = 16.0.29709.97
MinimumVisualStudioVersion = 10.0.40219.1
Project("{FAE04EC0-301F-11D3-BF4B-00C04F79EFBC}") = "Dog", "Dog\Dog.csproj", "{D72C93A7-F7A1-4FDB-B722-67CDA6C7842A}"
EndProject
Global
	GlobalSection(SolutionConfigurationPlatforms) = preSolution
		Debug|Any CPU = Debug|Any CPU
		Release|Any CPU = Release|Any CPU
	EndGlobalSection
	GlobalSection(ProjectConfigurationPlatforms) = postSolution
		{D72C93A7-F7A1-4FDB-B722-67CDA6C7842A}.Debug|Any CPU.ActiveCfg = Debug|Any CPU
		{D72C93A7-F7A1-4FDB-B722-67CDA6C7842A}.Debug|Any CPU.Build.0 = Debug|Any CPU
		{D72C93A7-F7A1-4FDB-B722-67CDA6C7842A}.Release|Any CPU.ActiveCfg = Release|Any CPU
		{D72C93A7-F7A1-4FDB-B722-67CDA6C7842A}.Release|Any CPU.Build.0 = Release|Any CPU
	EndGlobalSection
	GlobalSection(SolutionProperties) = preSolution
		HideSolutionNode = FALSE
	EndGlobalSection
	GlobalSection(ExtensibilityGlobals) = postSolution
		SolutionGuid = {59D53DFF-E105-455B-8FE0-1444E1025305}
	EndGlobalSection
EndGlobal
